
Microsoft Visual Studio Solution File, Format Version 12.00
# Visual Studio Version 17
VisualStudioVersion = 17.1.32328.378
MinimumVisualStudioVersion = 10.0.40219.1
Project("{8BC9CEB8-8B4A-11D0-8D11-00A0C91BC942}") = "ch3_ex8_odd_or_even", "ch3_ex8_odd_or_even\ch3_ex8_odd_or_even.vcxproj", "{ED60C9EF-F145-4968-A12F-D6D30B2912E7}"
EndProject
Project("{8BC9CEB8-8B4A-11D0-8D11-00A0C91BC942}") = "ch3_ex9_spelled-out_to_numbers", "ch3_ex9_spelled-out_to_numbers\ch3_ex9_spelled-out_to_numbers.vcxproj", "{A1BD811D-BEFA-48AB-ADE1-CFD17783A236}"
EndProject
Project("{8BC9CEB8-8B4A-11D0-8D11-00A0C91BC942}") = "ch3_ex10_operator_followed_by_operands", "ch3_ex10_operator_followed_by_operands\ch3_ex10_operator_followed_by_operands.vcxproj", "{549C948D-F5BC-4684-A6A9-5C33111156FA}"
EndProject
Project("{8BC9CEB8-8B4A-11D0-8D11-00A0C91BC942}") = "ch3_ex11_coins_calculator", "ch3_ex11_coins_calculator\ch3_ex11_coins_calculator.vcxproj", "{6A0BAE49-87B6-4C00-AF31-EEACD6FCADD3}"
EndProject
Project("{8BC9CEB8-8B4A-11D0-8D11-00A0C91BC942}") = "ch4_tt1_currency_convertor", "ch4_tt1_currency_convertor\ch4_tt1_currency_convertor.vcxproj", "{6ECFA735-FD6E-4AAC-BBC0-212DD75D26D5}"
EndProject
Project("{8BC9CEB8-8B4A-11D0-8D11-00A0C91BC942}") = "ch4_tt2_switch_based_currency_convertor", "ch4_tt2_switch_based_currency_convertor\ch4_tt2_switch_based_currency_convertor.vcxproj", "{05A1789B-B60E-4BCE-958A-43980D1A695A}"
EndProject
Project("{8BC9CEB8-8B4A-11D0-8D11-00A0C91BC942}") = "ch4_tt3_looping_through_characters", "ch4_tt3_looping_through_characters\ch4_tt3_looping_through_characters.vcxproj", "{10376240-B5A8-491E-8E24-624EF535607D}"
EndProject
Project("{8BC9CEB8-8B4A-11D0-8D11-00A0C91BC942}") = "ch4_tt3_looping_through_characters_with_for", "ch4_tt3_looping_through_characters_with_for\ch4_tt3_looping_through_characters_with_for.vcxproj", "{D0439ED2-91DC-4A16-B5A9-C1A9E7C3F762}"
EndProject
Project("{8BC9CEB8-8B4A-11D0-8D11-00A0C91BC942}") = "ch4_tt4_square_function_implementation", "ch4_tt4_square_function_implementation\ch4_tt4_square_function_implementation.vcxproj", "{744A852D-62C7-4764-869A-4C1976ADCFA2}"
EndProject
Project("{8BC9CEB8-8B4A-11D0-8D11-00A0C91BC942}") = "ch4_tt5_words_bleeping", "ch4_tt5_words_bleeping\ch4_tt5_words_bleeping.vcxproj", "{21099FA5-800D-4E36-B2B2-F6A28EF99E88}"
EndProject
Project("{8BC9CEB8-8B4A-11D0-8D11-00A0C91BC942}") = "ch4_dr1_language_features", "ch4_dr1_language_features\ch4_dr1_language_features.vcxproj", "{90635EA2-7BBF-4F80-AB04-863857DEFE3F}"
EndProject
Project("{8BC9CEB8-8B4A-11D0-8D11-00A0C91BC942}") = "ch4_dr2_language_features", "ch4_dr2_language_features\ch4_dr2_language_features.vcxproj", "{E9BF4F5C-5146-468E-ABBB-2BD1D772DA25}"
EndProject
Project("{8BC9CEB8-8B4A-11D0-8D11-00A0C91BC942}") = "ch4_dr3_language_features", "ch4_dr3_language_features\ch4_dr3_language_features.vcxproj", "{540CF438-E152-4C9F-9825-77FAC26AD965}"
EndProject
Project("{8BC9CEB8-8B4A-11D0-8D11-00A0C91BC942}") = "ch4_dr4_language_features", "ch4_dr4_language_features\ch4_dr4_language_features.vcxproj", "{DF8703FC-3CBF-430A-A0F5-C6369C6A5A50}"
EndProject
Project("{8BC9CEB8-8B4A-11D0-8D11-00A0C91BC942}") = "ch4_dr5_language_features", "ch4_dr5_language_features\ch4_dr5_language_features.vcxproj", "{64EFD58D-7354-4E38-A7E2-3138636048CD}"
EndProject
Project("{8BC9CEB8-8B4A-11D0-8D11-00A0C91BC942}") = "ch4_dr6_language_features", "ch4_dr6_language_features\ch4_dr6_language_features.vcxproj", "{765350DF-54E9-4FFA-99CD-723C9633AC9E}"
EndProject
Project("{8BC9CEB8-8B4A-11D0-8D11-00A0C91BC942}") = "ch4_dr7_language_features", "ch4_dr7_language_features\ch4_dr7_language_features.vcxproj", "{480F9C5C-0DB5-452D-AAB3-0BA01E4EDDC8}"
EndProject
Project("{8BC9CEB8-8B4A-11D0-8D11-00A0C91BC942}") = "ch4_dr9_language_features", "ch4_dr9_language_features\ch4_dr9_language_features.vcxproj", "{13926187-BC5D-4A75-A5D2-1F07F8870DBF}"
EndProject
Global
	GlobalSection(SolutionConfigurationPlatforms) = preSolution
		Debug|x64 = Debug|x64
		Debug|x86 = Debug|x86
		Release|x64 = Release|x64
		Release|x86 = Release|x86
	EndGlobalSection
	GlobalSection(ProjectConfigurationPlatforms) = postSolution
		{ED60C9EF-F145-4968-A12F-D6D30B2912E7}.Debug|x64.ActiveCfg = Debug|x64
		{ED60C9EF-F145-4968-A12F-D6D30B2912E7}.Debug|x64.Build.0 = Debug|x64
		{ED60C9EF-F145-4968-A12F-D6D30B2912E7}.Debug|x86.ActiveCfg = Debug|Win32
		{ED60C9EF-F145-4968-A12F-D6D30B2912E7}.Debug|x86.Build.0 = Debug|Win32
		{ED60C9EF-F145-4968-A12F-D6D30B2912E7}.Release|x64.ActiveCfg = Release|x64
		{ED60C9EF-F145-4968-A12F-D6D30B2912E7}.Release|x64.Build.0 = Release|x64
		{ED60C9EF-F145-4968-A12F-D6D30B2912E7}.Release|x86.ActiveCfg = Release|Win32
		{ED60C9EF-F145-4968-A12F-D6D30B2912E7}.Release|x86.Build.0 = Release|Win32
		{A1BD811D-BEFA-48AB-ADE1-CFD17783A236}.Debug|x64.ActiveCfg = Debug|x64
		{A1BD811D-BEFA-48AB-ADE1-CFD17783A236}.Debug|x64.Build.0 = Debug|x64
		{A1BD811D-BEFA-48AB-ADE1-CFD17783A236}.Debug|x86.ActiveCfg = Debug|Win32
		{A1BD811D-BEFA-48AB-ADE1-CFD17783A236}.Debug|x86.Build.0 = Debug|Win32
		{A1BD811D-BEFA-48AB-ADE1-CFD17783A236}.Release|x64.ActiveCfg = Release|x64
		{A1BD811D-BEFA-48AB-ADE1-CFD17783A236}.Release|x64.Build.0 = Release|x64
		{A1BD811D-BEFA-48AB-ADE1-CFD17783A236}.Release|x86.ActiveCfg = Release|Win32
		{A1BD811D-BEFA-48AB-ADE1-CFD17783A236}.Release|x86.Build.0 = Release|Win32
		{549C948D-F5BC-4684-A6A9-5C33111156FA}.Debug|x64.ActiveCfg = Debug|x64
		{549C948D-F5BC-4684-A6A9-5C33111156FA}.Debug|x64.Build.0 = Debug|x64
		{549C948D-F5BC-4684-A6A9-5C33111156FA}.Debug|x86.ActiveCfg = Debug|Win32
		{549C948D-F5BC-4684-A6A9-5C33111156FA}.Debug|x86.Build.0 = Debug|Win32
		{549C948D-F5BC-4684-A6A9-5C33111156FA}.Release|x64.ActiveCfg = Release|x64
		{549C948D-F5BC-4684-A6A9-5C33111156FA}.Release|x64.Build.0 = Release|x64
		{549C948D-F5BC-4684-A6A9-5C33111156FA}.Release|x86.ActiveCfg = Release|Win32
		{549C948D-F5BC-4684-A6A9-5C33111156FA}.Release|x86.Build.0 = Release|Win32
		{6A0BAE49-87B6-4C00-AF31-EEACD6FCADD3}.Debug|x64.ActiveCfg = Debug|x64
		{6A0BAE49-87B6-4C00-AF31-EEACD6FCADD3}.Debug|x64.Build.0 = Debug|x64
		{6A0BAE49-87B6-4C00-AF31-EEACD6FCADD3}.Debug|x86.ActiveCfg = Debug|Win32
		{6A0BAE49-87B6-4C00-AF31-EEACD6FCADD3}.Debug|x86.Build.0 = Debug|Win32
		{6A0BAE49-87B6-4C00-AF31-EEACD6FCADD3}.Release|x64.ActiveCfg = Release|x64
		{6A0BAE49-87B6-4C00-AF31-EEACD6FCADD3}.Release|x64.Build.0 = Release|x64
		{6A0BAE49-87B6-4C00-AF31-EEACD6FCADD3}.Release|x86.ActiveCfg = Release|Win32
		{6A0BAE49-87B6-4C00-AF31-EEACD6FCADD3}.Release|x86.Build.0 = Release|Win32
		{6ECFA735-FD6E-4AAC-BBC0-212DD75D26D5}.Debug|x64.ActiveCfg = Debug|x64
		{6ECFA735-FD6E-4AAC-BBC0-212DD75D26D5}.Debug|x64.Build.0 = Debug|x64
		{6ECFA735-FD6E-4AAC-BBC0-212DD75D26D5}.Debug|x86.ActiveCfg = Debug|Win32
		{6ECFA735-FD6E-4AAC-BBC0-212DD75D26D5}.Debug|x86.Build.0 = Debug|Win32
		{6ECFA735-FD6E-4AAC-BBC0-212DD75D26D5}.Release|x64.ActiveCfg = Release|x64
		{6ECFA735-FD6E-4AAC-BBC0-212DD75D26D5}.Release|x64.Build.0 = Release|x64
		{6ECFA735-FD6E-4AAC-BBC0-212DD75D26D5}.Release|x86.ActiveCfg = Release|Win32
		{6ECFA735-FD6E-4AAC-BBC0-212DD75D26D5}.Release|x86.Build.0 = Release|Win32
		{05A1789B-B60E-4BCE-958A-43980D1A695A}.Debug|x64.ActiveCfg = Debug|x64
		{05A1789B-B60E-4BCE-958A-43980D1A695A}.Debug|x64.Build.0 = Debug|x64
		{05A1789B-B60E-4BCE-958A-43980D1A695A}.Debug|x86.ActiveCfg = Debug|Win32
		{05A1789B-B60E-4BCE-958A-43980D1A695A}.Debug|x86.Build.0 = Debug|Win32
		{05A1789B-B60E-4BCE-958A-43980D1A695A}.Release|x64.ActiveCfg = Release|x64
		{05A1789B-B60E-4BCE-958A-43980D1A695A}.Release|x64.Build.0 = Release|x64
		{05A1789B-B60E-4BCE-958A-43980D1A695A}.Release|x86.ActiveCfg = Release|Win32
		{05A1789B-B60E-4BCE-958A-43980D1A695A}.Release|x86.Build.0 = Release|Win32
		{10376240-B5A8-491E-8E24-624EF535607D}.Debug|x64.ActiveCfg = Debug|x64
		{10376240-B5A8-491E-8E24-624EF535607D}.Debug|x64.Build.0 = Debug|x64
		{10376240-B5A8-491E-8E24-624EF535607D}.Debug|x86.ActiveCfg = Debug|Win32
		{10376240-B5A8-491E-8E24-624EF535607D}.Debug|x86.Build.0 = Debug|Win32
		{10376240-B5A8-491E-8E24-624EF535607D}.Release|x64.ActiveCfg = Release|x64
		{10376240-B5A8-491E-8E24-624EF535607D}.Release|x64.Build.0 = Release|x64
		{10376240-B5A8-491E-8E24-624EF535607D}.Release|x86.ActiveCfg = Release|Win32
		{10376240-B5A8-491E-8E24-624EF535607D}.Release|x86.Build.0 = Release|Win32
		{D0439ED2-91DC-4A16-B5A9-C1A9E7C3F762}.Debug|x64.ActiveCfg = Debug|x64
		{D0439ED2-91DC-4A16-B5A9-C1A9E7C3F762}.Debug|x64.Build.0 = Debug|x64
		{D0439ED2-91DC-4A16-B5A9-C1A9E7C3F762}.Debug|x86.ActiveCfg = Debug|Win32
		{D0439ED2-91DC-4A16-B5A9-C1A9E7C3F762}.Debug|x86.Build.0 = Debug|Win32
		{D0439ED2-91DC-4A16-B5A9-C1A9E7C3F762}.Release|x64.ActiveCfg = Release|x64
		{D0439ED2-91DC-4A16-B5A9-C1A9E7C3F762}.Release|x64.Build.0 = Release|x64
		{D0439ED2-91DC-4A16-B5A9-C1A9E7C3F762}.Release|x86.ActiveCfg = Release|Win32
		{D0439ED2-91DC-4A16-B5A9-C1A9E7C3F762}.Release|x86.Build.0 = Release|Win32
		{744A852D-62C7-4764-869A-4C1976ADCFA2}.Debug|x64.ActiveCfg = Debug|x64
		{744A852D-62C7-4764-869A-4C1976ADCFA2}.Debug|x64.Build.0 = Debug|x64
		{744A852D-62C7-4764-869A-4C1976ADCFA2}.Debug|x86.ActiveCfg = Debug|Win32
		{744A852D-62C7-4764-869A-4C1976ADCFA2}.Debug|x86.Build.0 = Debug|Win32
		{744A852D-62C7-4764-869A-4C1976ADCFA2}.Release|x64.ActiveCfg = Release|x64
		{744A852D-62C7-4764-869A-4C1976ADCFA2}.Release|x64.Build.0 = Release|x64
		{744A852D-62C7-4764-869A-4C1976ADCFA2}.Release|x86.ActiveCfg = Release|Win32
		{744A852D-62C7-4764-869A-4C1976ADCFA2}.Release|x86.Build.0 = Release|Win32
		{21099FA5-800D-4E36-B2B2-F6A28EF99E88}.Debug|x64.ActiveCfg = Debug|x64
		{21099FA5-800D-4E36-B2B2-F6A28EF99E88}.Debug|x64.Build.0 = Debug|x64
		{21099FA5-800D-4E36-B2B2-F6A28EF99E88}.Debug|x86.ActiveCfg = Debug|Win32
		{21099FA5-800D-4E36-B2B2-F6A28EF99E88}.Debug|x86.Build.0 = Debug|Win32
		{21099FA5-800D-4E36-B2B2-F6A28EF99E88}.Release|x64.ActiveCfg = Release|x64
		{21099FA5-800D-4E36-B2B2-F6A28EF99E88}.Release|x64.Build.0 = Release|x64
		{21099FA5-800D-4E36-B2B2-F6A28EF99E88}.Release|x86.ActiveCfg = Release|Win32
		{21099FA5-800D-4E36-B2B2-F6A28EF99E88}.Release|x86.Build.0 = Release|Win32
		{90635EA2-7BBF-4F80-AB04-863857DEFE3F}.Debug|x64.ActiveCfg = Debug|x64
		{90635EA2-7BBF-4F80-AB04-863857DEFE3F}.Debug|x64.Build.0 = Debug|x64
		{90635EA2-7BBF-4F80-AB04-863857DEFE3F}.Debug|x86.ActiveCfg = Debug|Win32
		{90635EA2-7BBF-4F80-AB04-863857DEFE3F}.Debug|x86.Build.0 = Debug|Win32
		{90635EA2-7BBF-4F80-AB04-863857DEFE3F}.Release|x64.ActiveCfg = Release|x64
		{90635EA2-7BBF-4F80-AB04-863857DEFE3F}.Release|x64.Build.0 = Release|x64
		{90635EA2-7BBF-4F80-AB04-863857DEFE3F}.Release|x86.ActiveCfg = Release|Win32
		{90635EA2-7BBF-4F80-AB04-863857DEFE3F}.Release|x86.Build.0 = Release|Win32
		{E9BF4F5C-5146-468E-ABBB-2BD1D772DA25}.Debug|x64.ActiveCfg = Debug|x64
		{E9BF4F5C-5146-468E-ABBB-2BD1D772DA25}.Debug|x64.Build.0 = Debug|x64
		{E9BF4F5C-5146-468E-ABBB-2BD1D772DA25}.Debug|x86.ActiveCfg = Debug|Win32
		{E9BF4F5C-5146-468E-ABBB-2BD1D772DA25}.Debug|x86.Build.0 = Debug|Win32
		{E9BF4F5C-5146-468E-ABBB-2BD1D772DA25}.Release|x64.ActiveCfg = Release|x64
		{E9BF4F5C-5146-468E-ABBB-2BD1D772DA25}.Release|x64.Build.0 = Release|x64
		{E9BF4F5C-5146-468E-ABBB-2BD1D772DA25}.Release|x86.ActiveCfg = Release|Win32
		{E9BF4F5C-5146-468E-ABBB-2BD1D772DA25}.Release|x86.Build.0 = Release|Win32
		{540CF438-E152-4C9F-9825-77FAC26AD965}.Debug|x64.ActiveCfg = Debug|x64
		{540CF438-E152-4C9F-9825-77FAC26AD965}.Debug|x64.Build.0 = Debug|x64
		{540CF438-E152-4C9F-9825-77FAC26AD965}.Debug|x86.ActiveCfg = Debug|Win32
		{540CF438-E152-4C9F-9825-77FAC26AD965}.Debug|x86.Build.0 = Debug|Win32
		{540CF438-E152-4C9F-9825-77FAC26AD965}.Release|x64.ActiveCfg = Release|x64
		{540CF438-E152-4C9F-9825-77FAC26AD965}.Release|x64.Build.0 = Release|x64
		{540CF438-E152-4C9F-9825-77FAC26AD965}.Release|x86.ActiveCfg = Release|Win32
		{540CF438-E152-4C9F-9825-77FAC26AD965}.Release|x86.Build.0 = Release|Win32
		{DF8703FC-3CBF-430A-A0F5-C6369C6A5A50}.Debug|x64.ActiveCfg = Debug|x64
		{DF8703FC-3CBF-430A-A0F5-C6369C6A5A50}.Debug|x64.Build.0 = Debug|x64
		{DF8703FC-3CBF-430A-A0F5-C6369C6A5A50}.Debug|x86.ActiveCfg = Debug|Win32
		{DF8703FC-3CBF-430A-A0F5-C6369C6A5A50}.Debug|x86.Build.0 = Debug|Win32
		{DF8703FC-3CBF-430A-A0F5-C6369C6A5A50}.Release|x64.ActiveCfg = Release|x64
		{DF8703FC-3CBF-430A-A0F5-C6369C6A5A50}.Release|x64.Build.0 = Release|x64
		{DF8703FC-3CBF-430A-A0F5-C6369C6A5A50}.Release|x86.ActiveCfg = Release|Win32
		{DF8703FC-3CBF-430A-A0F5-C6369C6A5A50}.Release|x86.Build.0 = Release|Win32
		{64EFD58D-7354-4E38-A7E2-3138636048CD}.Debug|x64.ActiveCfg = Debug|x64
		{64EFD58D-7354-4E38-A7E2-3138636048CD}.Debug|x64.Build.0 = Debug|x64
		{64EFD58D-7354-4E38-A7E2-3138636048CD}.Debug|x86.ActiveCfg = Debug|Win32
		{64EFD58D-7354-4E38-A7E2-3138636048CD}.Debug|x86.Build.0 = Debug|Win32
		{64EFD58D-7354-4E38-A7E2-3138636048CD}.Release|x64.ActiveCfg = Release|x64
		{64EFD58D-7354-4E38-A7E2-3138636048CD}.Release|x64.Build.0 = Release|x64
		{64EFD58D-7354-4E38-A7E2-3138636048CD}.Release|x86.ActiveCfg = Release|Win32
		{64EFD58D-7354-4E38-A7E2-3138636048CD}.Release|x86.Build.0 = Release|Win32
		{765350DF-54E9-4FFA-99CD-723C9633AC9E}.Debug|x64.ActiveCfg = Debug|x64
		{765350DF-54E9-4FFA-99CD-723C9633AC9E}.Debug|x64.Build.0 = Debug|x64
		{765350DF-54E9-4FFA-99CD-723C9633AC9E}.Debug|x86.ActiveCfg = Debug|Win32
		{765350DF-54E9-4FFA-99CD-723C9633AC9E}.Debug|x86.Build.0 = Debug|Win32
		{765350DF-54E9-4FFA-99CD-723C9633AC9E}.Release|x64.ActiveCfg = Release|x64
		{765350DF-54E9-4FFA-99CD-723C9633AC9E}.Release|x64.Build.0 = Release|x64
		{765350DF-54E9-4FFA-99CD-723C9633AC9E}.Release|x86.ActiveCfg = Release|Win32
		{765350DF-54E9-4FFA-99CD-723C9633AC9E}.Release|x86.Build.0 = Release|Win32
		{480F9C5C-0DB5-452D-AAB3-0BA01E4EDDC8}.Debug|x64.ActiveCfg = Debug|x64
		{480F9C5C-0DB5-452D-AAB3-0BA01E4EDDC8}.Debug|x64.Build.0 = Debug|x64
		{480F9C5C-0DB5-452D-AAB3-0BA01E4EDDC8}.Debug|x86.ActiveCfg = Debug|Win32
		{480F9C5C-0DB5-452D-AAB3-0BA01E4EDDC8}.Debug|x86.Build.0 = Debug|Win32
		{480F9C5C-0DB5-452D-AAB3-0BA01E4EDDC8}.Release|x64.ActiveCfg = Release|x64
		{480F9C5C-0DB5-452D-AAB3-0BA01E4EDDC8}.Release|x64.Build.0 = Release|x64
		{480F9C5C-0DB5-452D-AAB3-0BA01E4EDDC8}.Release|x86.ActiveCfg = Release|Win32
		{480F9C5C-0DB5-452D-AAB3-0BA01E4EDDC8}.Release|x86.Build.0 = Release|Win32
		{13926187-BC5D-4A75-A5D2-1F07F8870DBF}.Debug|x64.ActiveCfg = Debug|x64
		{13926187-BC5D-4A75-A5D2-1F07F8870DBF}.Debug|x64.Build.0 = Debug|x64
		{13926187-BC5D-4A75-A5D2-1F07F8870DBF}.Debug|x86.ActiveCfg = Debug|Win32
		{13926187-BC5D-4A75-A5D2-1F07F8870DBF}.Debug|x86.Build.0 = Debug|Win32
		{13926187-BC5D-4A75-A5D2-1F07F8870DBF}.Release|x64.ActiveCfg = Release|x64
		{13926187-BC5D-4A75-A5D2-1F07F8870DBF}.Release|x64.Build.0 = Release|x64
		{13926187-BC5D-4A75-A5D2-1F07F8870DBF}.Release|x86.ActiveCfg = Release|Win32
		{13926187-BC5D-4A75-A5D2-1F07F8870DBF}.Release|x86.Build.0 = Release|Win32
	EndGlobalSection
	GlobalSection(SolutionProperties) = preSolution
		HideSolutionNode = FALSE
	EndGlobalSection
	GlobalSection(ExtensibilityGlobals) = postSolution
		SolutionGuid = {C9123423-21AF-4A8A-9673-A9F2510F86B0}
	EndGlobalSection
EndGlobal
