
Microsoft Visual Studio Solution File, Format Version 12.00
# Visual Studio Version 17
VisualStudioVersion = 17.0.31717.71
MinimumVisualStudioVersion = 10.0.40219.1
Project("{8BC9CEB8-8B4A-11D0-8D11-00A0C91BC942}") = "Tanks.GameApp.UnitTests", "Tanks.GameApp.UnitTests\Tanks.GameApp.UnitTests.vcxproj", "{A6446276-5DAA-4E71-B87A-6C7EA9371FF3}"
EndProject
Project("{8BC9CEB8-8B4A-11D0-8D11-00A0C91BC942}") = "Tanks.GameApp.Interfaces", "Tanks.GameApp.Interfaces\Tanks.GameApp.Interfaces.vcxproj", "{C4581D04-735E-4C03-88F0-608AEEA82BE2}"
EndProject
Project("{8BC9CEB8-8B4A-11D0-8D11-00A0C91BC942}") = "Tanks.GameApp.Implementations", "Tanks.GameApp.Implementations\Tanks.GameApp.Implementations.vcxproj", "{0BD4CB2C-0816-4745-B222-BD1A723364DC}"
EndProject
Project("{8BC9CEB8-8B4A-11D0-8D11-00A0C91BC942}") = "Tanks.GameApp.Client", "Tanks.GameApp.Client\Tanks.GameApp.Client.vcxproj", "{B4345363-22B0-4F21-8CEE-F0CDC070A77C}"
EndProject
Global
	GlobalSection(SolutionConfigurationPlatforms) = preSolution
		Debug|x64 = Debug|x64
		Release|x64 = Release|x64
	EndGlobalSection
	GlobalSection(ProjectConfigurationPlatforms) = postSolution
		{A6446276-5DAA-4E71-B87A-6C7EA9371FF3}.Debug|x64.ActiveCfg = Debug|x64
		{A6446276-5DAA-4E71-B87A-6C7EA9371FF3}.Debug|x64.Build.0 = Debug|x64
		{A6446276-5DAA-4E71-B87A-6C7EA9371FF3}.Release|x64.ActiveCfg = Release|x64
		{A6446276-5DAA-4E71-B87A-6C7EA9371FF3}.Release|x64.Build.0 = Release|x64
		{C4581D04-735E-4C03-88F0-608AEEA82BE2}.Debug|x64.ActiveCfg = Debug|x64
		{C4581D04-735E-4C03-88F0-608AEEA82BE2}.Debug|x64.Build.0 = Debug|x64
		{C4581D04-735E-4C03-88F0-608AEEA82BE2}.Release|x64.ActiveCfg = Release|x64
		{C4581D04-735E-4C03-88F0-608AEEA82BE2}.Release|x64.Build.0 = Release|x64
		{0BD4CB2C-0816-4745-B222-BD1A723364DC}.Debug|x64.ActiveCfg = Debug|x64
		{0BD4CB2C-0816-4745-B222-BD1A723364DC}.Debug|x64.Build.0 = Debug|x64
		{0BD4CB2C-0816-4745-B222-BD1A723364DC}.Release|x64.ActiveCfg = Release|x64
		{0BD4CB2C-0816-4745-B222-BD1A723364DC}.Release|x64.Build.0 = Release|x64
		{B4345363-22B0-4F21-8CEE-F0CDC070A77C}.Debug|x64.ActiveCfg = Debug|x64
		{B4345363-22B0-4F21-8CEE-F0CDC070A77C}.Debug|x64.Build.0 = Debug|x64
		{B4345363-22B0-4F21-8CEE-F0CDC070A77C}.Release|x64.ActiveCfg = Release|x64
		{B4345363-22B0-4F21-8CEE-F0CDC070A77C}.Release|x64.Build.0 = Release|x64
	EndGlobalSection
	GlobalSection(SolutionProperties) = preSolution
		HideSolutionNode = FALSE
	EndGlobalSection
	GlobalSection(ExtensibilityGlobals) = postSolution
		SolutionGuid = {7F146120-271C-42E1-95E4-0C9B488D8833}
	EndGlobalSection
EndGlobal
